
Microsoft Visual Studio Solution File, Format Version 12.00
# Visual Studio Version 16
VisualStudioVersion = 16.0.30517.126
MinimumVisualStudioVersion = 10.0.40219.1
Project("{FAE04EC0-301F-11D3-BF4B-00C04F79EFBC}") = "Laboratorna1", "Laboratorna1\Laboratorna1.csproj", "{A95EFCEB-9465-4A2D-BD4F-B956D65E557C}"
EndProject
Global
	GlobalSection(SolutionConfigurationPlatforms) = preSolution
		Debug|Any CPU = Debug|Any CPU
		Release|Any CPU = Release|Any CPU
	EndGlobalSection
	GlobalSection(ProjectConfigurationPlatforms) = postSolution
		{A95EFCEB-9465-4A2D-BD4F-B956D65E557C}.Debug|Any CPU.ActiveCfg = Debug|Any CPU
		{A95EFCEB-9465-4A2D-BD4F-B956D65E557C}.Debug|Any CPU.Build.0 = Debug|Any CPU
		{A95EFCEB-9465-4A2D-BD4F-B956D65E557C}.Release|Any CPU.ActiveCfg = Release|Any CPU
		{A95EFCEB-9465-4A2D-BD4F-B956D65E557C}.Release|Any CPU.Build.0 = Release|Any CPU
	EndGlobalSection
	GlobalSection(SolutionProperties) = preSolution
		HideSolutionNode = FALSE
	EndGlobalSection
	GlobalSection(ExtensibilityGlobals) = postSolution
		SolutionGuid = {549A149B-F462-4F67-B0CB-98760FD252AF}
	EndGlobalSection
EndGlobal
